
Microsoft Visual Studio Solution File, Format Version 12.00
# Visual Studio Version 17
VisualStudioVersion = 17.6.33815.320
MinimumVisualStudioVersion = 10.0.40219.1
Project("{FAE04EC0-301F-11D3-BF4B-00C04F79EFBC}") = "serilization", "serilization\serilization.csproj", "{05701DB2-E26F-467F-AED8-D3AB45BAF657}"
EndProject
Global
	GlobalSection(SolutionConfigurationPlatforms) = preSolution
		Debug|Any CPU = Debug|Any CPU
		Release|Any CPU = Release|Any CPU
	EndGlobalSection
	GlobalSection(ProjectConfigurationPlatforms) = postSolution
		{05701DB2-E26F-467F-AED8-D3AB45BAF657}.Debug|Any CPU.ActiveCfg = Debug|Any CPU
		{05701DB2-E26F-467F-AED8-D3AB45BAF657}.Debug|Any CPU.Build.0 = Debug|Any CPU
		{05701DB2-E26F-467F-AED8-D3AB45BAF657}.Release|Any CPU.ActiveCfg = Release|Any CPU
		{05701DB2-E26F-467F-AED8-D3AB45BAF657}.Release|Any CPU.Build.0 = Release|Any CPU
	EndGlobalSection
	GlobalSection(SolutionProperties) = preSolution
		HideSolutionNode = FALSE
	EndGlobalSection
	GlobalSection(ExtensibilityGlobals) = postSolution
		SolutionGuid = {11E411B0-A155-4640-9760-529B8CD63978}
	EndGlobalSection
EndGlobal
