
Microsoft Visual Studio Solution File, Format Version 12.00
# Visual Studio Version 17
VisualStudioVersion = 17.6.33815.320
MinimumVisualStudioVersion = 10.0.40219.1
Project("{FAE04EC0-301F-11D3-BF4B-00C04F79EFBC}") = "Employee", "Employee\Employee.csproj", "{EDB79AA5-046C-4269-A395-67E1AB353813}"
EndProject
Global
	GlobalSection(SolutionConfigurationPlatforms) = preSolution
		Debug|Any CPU = Debug|Any CPU
		Release|Any CPU = Release|Any CPU
	EndGlobalSection
	GlobalSection(ProjectConfigurationPlatforms) = postSolution
		{EDB79AA5-046C-4269-A395-67E1AB353813}.Debug|Any CPU.ActiveCfg = Debug|Any CPU
		{EDB79AA5-046C-4269-A395-67E1AB353813}.Debug|Any CPU.Build.0 = Debug|Any CPU
		{EDB79AA5-046C-4269-A395-67E1AB353813}.Release|Any CPU.ActiveCfg = Release|Any CPU
		{EDB79AA5-046C-4269-A395-67E1AB353813}.Release|Any CPU.Build.0 = Release|Any CPU
	EndGlobalSection
	GlobalSection(SolutionProperties) = preSolution
		HideSolutionNode = FALSE
	EndGlobalSection
	GlobalSection(ExtensibilityGlobals) = postSolution
		SolutionGuid = {F436DED8-B62B-4E6C-BBC2-FECE74FAA03C}
	EndGlobalSection
EndGlobal
