
Microsoft Visual Studio Solution File, Format Version 12.00
# Visual Studio Version 17
VisualStudioVersion = 17.6.33815.320
MinimumVisualStudioVersion = 10.0.40219.1
Project("{FAE04EC0-301F-11D3-BF4B-00C04F79EFBC}") = "Binary Serialization and Deserialization", "Binary Serialization and Deserialization\Binary Serialization and Deserialization.csproj", "{250A6AD4-544F-493C-9965-AE86E60CA48E}"
EndProject
Global
	GlobalSection(SolutionConfigurationPlatforms) = preSolution
		Debug|Any CPU = Debug|Any CPU
		Release|Any CPU = Release|Any CPU
	EndGlobalSection
	GlobalSection(ProjectConfigurationPlatforms) = postSolution
		{250A6AD4-544F-493C-9965-AE86E60CA48E}.Debug|Any CPU.ActiveCfg = Debug|Any CPU
		{250A6AD4-544F-493C-9965-AE86E60CA48E}.Debug|Any CPU.Build.0 = Debug|Any CPU
		{250A6AD4-544F-493C-9965-AE86E60CA48E}.Release|Any CPU.ActiveCfg = Release|Any CPU
		{250A6AD4-544F-493C-9965-AE86E60CA48E}.Release|Any CPU.Build.0 = Release|Any CPU
	EndGlobalSection
	GlobalSection(SolutionProperties) = preSolution
		HideSolutionNode = FALSE
	EndGlobalSection
	GlobalSection(ExtensibilityGlobals) = postSolution
		SolutionGuid = {B5C49DC0-99CE-4655-A840-F8004482457F}
	EndGlobalSection
EndGlobal
