
Microsoft Visual Studio Solution File, Format Version 12.00
# Visual Studio Version 17
VisualStudioVersion = 17.6.33815.320
MinimumVisualStudioVersion = 10.0.40219.1
Project("{FAE04EC0-301F-11D3-BF4B-00C04F79EFBC}") = "Bserilization", "Bserilization\Bserilization.csproj", "{8934A58A-E7D1-42E9-A397-3A031D3EBD1B}"
EndProject
Global
	GlobalSection(SolutionConfigurationPlatforms) = preSolution
		Debug|Any CPU = Debug|Any CPU
		Release|Any CPU = Release|Any CPU
	EndGlobalSection
	GlobalSection(ProjectConfigurationPlatforms) = postSolution
		{8934A58A-E7D1-42E9-A397-3A031D3EBD1B}.Debug|Any CPU.ActiveCfg = Debug|Any CPU
		{8934A58A-E7D1-42E9-A397-3A031D3EBD1B}.Debug|Any CPU.Build.0 = Debug|Any CPU
		{8934A58A-E7D1-42E9-A397-3A031D3EBD1B}.Release|Any CPU.ActiveCfg = Release|Any CPU
		{8934A58A-E7D1-42E9-A397-3A031D3EBD1B}.Release|Any CPU.Build.0 = Release|Any CPU
	EndGlobalSection
	GlobalSection(SolutionProperties) = preSolution
		HideSolutionNode = FALSE
	EndGlobalSection
	GlobalSection(ExtensibilityGlobals) = postSolution
		SolutionGuid = {5E93B4E5-BC4A-4167-A56D-A8EEB9E13D68}
	EndGlobalSection
EndGlobal
